PODS:
  - FSCalendar (2.8.1)
  - SwiftyBeaver (1.9.0)

DEPENDENCIES:
  - FSCalendar (= 2.8.1)
  - SwiftyBeaver (= 1.9.0)

SPEC REPOS:
  trunk:
    - FSCalendar
    - SwiftyBeaver

SPEC CHECKSUMS:
  FSCalendar: 5245140456fcbcac5824c203b98bd8068bdfee1a
  SwiftyBeaver: d39e7c376bf15e9fffca8263b8fd1f42ea56aa2d

PODFILE CHECKSUM: f39d32e8c018db464384745a8a769ad0a96bc027

COCOAPODS: 1.10.0
